// !$*UTF8*$!
{
	archiveVersion = 1;
	classes = {
	};
	objectVersion = 56;
	objects = {

/* Begin PBXBuildFile section */
		60213D3329BF4754000B9B62 /* main.cpp in Sources */ = {isa = PBXBuildFile; fileRef = 60213D3229BF4754000B9B62 /* main.cpp */; };
		60213D4029C87E68000B9B62 /* shaderReader.cpp in Sources */ = {isa = PBXBuildFile; fileRef = 60213D3E29C87E68000B9B62 /* shaderReader.cpp */; };
		60213D4629C88CEE000B9B62 /* geometryHelper.cpp in Sources */ = {isa = PBXBuildFile; fileRef = 60213D4429C88CEE000B9B62 /* geometryHelper.cpp */; };
		602C028129CB515200064930 /* geometry.cpp in Sources */ = {isa = PBXBuildFile; fileRef = 602C027F29CB515200064930 /* geometry.cpp */; };
		602C028429CB56B500064930 /* libglfw.3.3.dylib in Frameworks */ = {isa = PBXBuildFile; fileRef = 602C028229CB56B500064930 /* libglfw.3.3.dylib */; };
		602C028529CB56B500064930 /* libGLEW.2.2.0.dylib in Frameworks */ = {isa = PBXBuildFile; fileRef = 602C028329CB56B500064930 /* libGLEW.2.2.0.dylib */; };
		602C028629CB56BF00064930 /* OpenGL.framework in Frameworks */ = {isa = PBXBuildFile; fileRef = 60213D3A29BF476A000B9B62 /* OpenGL.framework */; };
		602C028929CB592500064930 /* scene.cpp in Sources */ = {isa = PBXBuildFile; fileRef = 602C028729CB592500064930 /* scene.cpp */; };
/* End PBXBuildFile section */

/* Begin PBXCopyFilesBuildPhase section */
		60213D2D29BF4754000B9B62 /* CopyFiles */ = {
			isa = PBXCopyFilesBuildPhase;
			buildActionMask = 2147483647;
			dstPath = /usr/share/man/man1/;
			dstSubfolderSpec = 0;
			files = (
			);
			runOnlyForDeploymentPostprocessing = 1;
		};
/* End PBXCopyFilesBuildPhase section */

/* Begin PBXFileReference section */
		60213D2F29BF4754000B9B62 /* cg-1 */ = {isa = PBXFileReference; explicitFileType = "compiled.mach-o.executable"; includeInIndex = 0; path = "cg-1"; sourceTree = BUILT_PRODUCTS_DIR; };
		60213D3229BF4754000B9B62 /* main.cpp */ = {isa = PBXFileReference; lastKnownFileType = sourcecode.cpp.cpp; path = main.cpp; sourceTree = "<group>"; };
		60213D3A29BF476A000B9B62 /* OpenGL.framework */ = {isa = PBXFileReference; lastKnownFileType = wrapper.framework; name = OpenGL.framework; path = System/Library/Frameworks/OpenGL.framework; sourceTree = SDKROOT; };
		60213D3E29C87E68000B9B62 /* shaderReader.cpp */ = {isa = PBXFileReference; lastKnownFileType = sourcecode.cpp.cpp; path = shaderReader.cpp; sourceTree = "<group>"; };
		60213D3F29C87E68000B9B62 /* shaderReader.hpp */ = {isa = PBXFileReference; lastKnownFileType = sourcecode.cpp.h; path = shaderReader.hpp; sourceTree = "<group>"; };
		60213D4229C88612000B9B62 /* test.vert */ = {isa = PBXFileReference; lastKnownFileType = sourcecode.glsl; path = test.vert; sourceTree = "<group>"; };
		60213D4329C8864C000B9B62 /* test.frag */ = {isa = PBXFileReference; lastKnownFileType = sourcecode.glsl; path = test.frag; sourceTree = "<group>"; };
		60213D4429C88CEE000B9B62 /* geometryHelper.cpp */ = {isa = PBXFileReference; lastKnownFileType = sourcecode.cpp.cpp; path = geometryHelper.cpp; sourceTree = "<group>"; };
		60213D4529C88CEE000B9B62 /* geometryHelper.hpp */ = {isa = PBXFileReference; lastKnownFileType = sourcecode.cpp.h; path = geometryHelper.hpp; sourceTree = "<group>"; };
		602C027A29C9A60700064930 /* common.h */ = {isa = PBXFileReference; lastKnownFileType = sourcecode.c.h; path = common.h; sourceTree = "<group>"; };
		602C027F29CB515200064930 /* geometry.cpp */ = {isa = PBXFileReference; lastKnownFileType = sourcecode.cpp.cpp; path = geometry.cpp; sourceTree = "<group>"; };
		602C028029CB515200064930 /* geometry.hpp */ = {isa = PBXFileReference; lastKnownFileType = sourcecode.cpp.h; path = geometry.hpp; sourceTree = "<group>"; };
		602C028229CB56B500064930 /* libglfw.3.3.dylib */ = {isa = PBXFileReference; lastKnownFileType = "compiled.mach-o.dylib"; name = libglfw.3.3.dylib; path = ../../../../../../usr/local/Cellar/glfw/3.3.8/lib/libglfw.3.3.dylib; sourceTree = "<group>"; };
		602C028329CB56B500064930 /* libGLEW.2.2.0.dylib */ = {isa = PBXFileReference; lastKnownFileType = "compiled.mach-o.dylib"; name = libGLEW.2.2.0.dylib; path = ../../../../../../usr/local/Cellar/glew/2.2.0_1/lib/libGLEW.2.2.0.dylib; sourceTree = "<group>"; };
		602C028729CB592500064930 /* scene.cpp */ = {isa = PBXFileReference; lastKnownFileType = sourcecode.cpp.cpp; path = scene.cpp; sourceTree = "<group>"; };
		602C028829CB592500064930 /* scene.hpp */ = {isa = PBXFileReference; lastKnownFileType = sourcecode.cpp.h; path = scene.hpp; sourceTree = "<group>"; };
/* End PBXFileReference section */

/* Begin PBXFrameworksBuildPhase section */
		60213D2C29BF4754000B9B62 /* Frameworks */ = {
			isa = PBXFrameworksBuildPhase;
			buildActionMask = 2147483647;
			files = (
				602C028429CB56B500064930 /* libglfw.3.3.dylib in Frameworks */,
				602C028529CB56B500064930 /* libGLEW.2.2.0.dylib in Frameworks */,
				602C028629CB56BF00064930 /* OpenGL.framework in Frameworks */,
			);
			runOnlyForDeploymentPostprocessing = 0;
		};
/* End PBXFrameworksBuildPhase section */

/* Begin PBXGroup section */
		60213D2629BF4754000B9B62 = {
			isa = PBXGroup;
			children = (
				60213D4129C884AC000B9B62 /* shaders */,
				60213D3129BF4754000B9B62 /* cg-1 */,
				60213D3029BF4754000B9B62 /* Products */,
				60213D3929BF476A000B9B62 /* Frameworks */,
			);
			sourceTree = "<group>";
		};
		60213D3029BF4754000B9B62 /* Products */ = {
			isa = PBXGroup;
			children = (
				60213D2F29BF4754000B9B62 /* cg-1 */,
			);
			name = Products;
			sourceTree = "<group>";
		};
		60213D3129BF4754000B9B62 /* cg-1 */ = {
			isa = PBXGroup;
			children = (
				60213D3229BF4754000B9B62 /* main.cpp */,
				60213D4429C88CEE000B9B62 /* geometryHelper.cpp */,
				602C027E29CB512600064930 /* geometry */,
				60213D4529C88CEE000B9B62 /* geometryHelper.hpp */,
				602C028729CB592500064930 /* scene.cpp */,
				602C028829CB592500064930 /* scene.hpp */,
				60213D3E29C87E68000B9B62 /* shaderReader.cpp */,
				60213D3F29C87E68000B9B62 /* shaderReader.hpp */,
				602C027A29C9A60700064930 /* common.h */,
			);
			path = "cg-1";
			sourceTree = "<group>";
		};
		60213D3929BF476A000B9B62 /* Frameworks */ = {
			isa = PBXGroup;
			children = (
				602C028329CB56B500064930 /* libGLEW.2.2.0.dylib */,
				602C028229CB56B500064930 /* libglfw.3.3.dylib */,
				60213D3A29BF476A000B9B62 /* OpenGL.framework */,
			);
			name = Frameworks;
			sourceTree = "<group>";
		};
		60213D4129C884AC000B9B62 /* shaders */ = {
			isa = PBXGroup;
			children = (
				60213D4229C88612000B9B62 /* test.vert */,
				60213D4329C8864C000B9B62 /* test.frag */,
			);
			name = shaders;
			path = ../shaders;
			sourceTree = "<group>";
		};
		602C027E29CB512600064930 /* geometry */ = {
			isa = PBXGroup;
			children = (
				602C027F29CB515200064930 /* geometry.cpp */,
				602C028029CB515200064930 /* geometry.hpp */,
			);
			path = geometry;
			sourceTree = "<group>";
		};
/* End PBXGroup section */

/* Begin PBXNativeTarget section */
		60213D2E29BF4754000B9B62 /* cg-1 */ = {
			isa = PBXNativeTarget;
			buildConfigurationList = 60213D3629BF4754000B9B62 /* Build configuration list for PBXNativeTarget "cg-1" */;
			buildPhases = (
				60213D2B29BF4754000B9B62 /* Sources */,
				60213D2C29BF4754000B9B62 /* Frameworks */,
				60213D2D29BF4754000B9B62 /* CopyFiles */,
			);
			buildRules = (
			);
			dependencies = (
			);
			name = "cg-1";
			productName = "cg-1";
			productReference = 60213D2F29BF4754000B9B62 /* cg-1 */;
			productType = "com.apple.product-type.tool";
		};
/* End PBXNativeTarget section */

/* Begin PBXProject section */
		60213D2729BF4754000B9B62 /* Project object */ = {
			isa = PBXProject;
			attributes = {
				BuildIndependentTargetsInParallel = 1;
				LastUpgradeCheck = 1420;
				TargetAttributes = {
					60213D2E29BF4754000B9B62 = {
						CreatedOnToolsVersion = 14.2;
					};
				};
			};
			buildConfigurationList = 60213D2A29BF4754000B9B62 /* Build configuration list for PBXProject "cg-1" */;
			compatibilityVersion = "Xcode 14.0";
			developmentRegion = en;
			hasScannedForEncodings = 0;
			knownRegions = (
				en,
				Base,
			);
			mainGroup = 60213D2629BF4754000B9B62;
			productRefGroup = 60213D3029BF4754000B9B62 /* Products */;
			projectDirPath = "";
			projectRoot = "";
			targets = (
				60213D2E29BF4754000B9B62 /* cg-1 */,
			);
		};
/* End PBXProject section */

/* Begin PBXSourcesBuildPhase section */
		60213D2B29BF4754000B9B62 /* Sources */ = {
			isa = PBXSourcesBuildPhase;
			buildActionMask = 2147483647;
			files = (
				602C028929CB592500064930 /* scene.cpp in Sources */,
				60213D4629C88CEE000B9B62 /* geometryHelper.cpp in Sources */,
				60213D3329BF4754000B9B62 /* main.cpp in Sources */,
				602C028129CB515200064930 /* geometry.cpp in Sources */,
				60213D4029C87E68000B9B62 /* shaderReader.cpp in Sources */,
			);
			runOnlyForDeploymentPostprocessing = 0;
		};
/* End PBXSourcesBuildPhase section */

/* Begin XCBuildConfiguration section */
		60213D3429BF4754000B9B62 /* Debug */ = {
			isa = XCBuildConfiguration;
			buildSettings = {
				ALWAYS_SEARCH_USER_PATHS = NO;
				CLANG_ANALYZER_NONNULL = YES;
				CLANG_ANALYZER_NUMBER_OBJECT_CONVERSION = YES_AGGRESSIVE;
				CLANG_CXX_LANGUAGE_STANDARD = "gnu++20";
				CLANG_ENABLE_MODULES = YES;
				CLANG_ENABLE_OBJC_ARC = YES;
				CLANG_ENABLE_OBJC_WEAK = YES;
				CLANG_WARN_BLOCK_CAPTURE_AUTORELEASING = YES;
				CLANG_WARN_BOOL_CONVERSION = YES;
				CLANG_WARN_COMMA = YES;
				CLANG_WARN_CONSTANT_CONVERSION = YES;
				CLANG_WARN_DEPRECATED_OBJC_IMPLEMENTATIONS = YES;
				CLANG_WARN_DIRECT_OBJC_ISA_USAGE = YES_ERROR;
				CLANG_WARN_DOCUMENTATION_COMMENTS = YES;
				CLANG_WARN_EMPTY_BODY = YES;
				CLANG_WARN_ENUM_CONVERSION = YES;
				CLANG_WARN_INFINITE_RECURSION = YES;
				CLANG_WARN_INT_CONVERSION = YES;
				CLANG_WARN_NON_LITERAL_NULL_CONVERSION = YES;
				CLANG_WARN_OBJC_IMPLICIT_RETAIN_SELF = YES;
				CLANG_WARN_OBJC_LITERAL_CONVERSION = YES;
				CLANG_WARN_OBJC_ROOT_CLASS = YES_ERROR;
				CLANG_WARN_QUOTED_INCLUDE_IN_FRAMEWORK_HEADER = YES;
				CLANG_WARN_RANGE_LOOP_ANALYSIS = YES;
				CLANG_WARN_STRICT_PROTOTYPES = YES;
				CLANG_WARN_SUSPICIOUS_MOVE = YES;
				CLANG_WARN_UNGUARDED_AVAILABILITY = YES_AGGRESSIVE;
				CLANG_WARN_UNREACHABLE_CODE = YES;
				CLANG_WARN__DUPLICATE_METHOD_MATCH = YES;
				COPY_PHASE_STRIP = NO;
				DEBUG_INFORMATION_FORMAT = dwarf;
				ENABLE_STRICT_OBJC_MSGSEND = YES;
				ENABLE_TESTABILITY = YES;
				GCC_C_LANGUAGE_STANDARD = gnu11;
				GCC_DYNAMIC_NO_PIC = NO;
				GCC_NO_COMMON_BLOCKS = YES;
				GCC_OPTIMIZATION_LEVEL = 0;
				GCC_PREPROCESSOR_DEFINITIONS = GL_SILENCE_DEPRECATION;
				GCC_WARN_64_TO_32_BIT_CONVERSION = YES;
				GCC_WARN_ABOUT_RETURN_TYPE = YES_ERROR;
				GCC_WARN_UNDECLARED_SELECTOR = YES;
				GCC_WARN_UNINITIALIZED_AUTOS = YES_AGGRESSIVE;
				GCC_WARN_UNUSED_FUNCTION = YES;
				GCC_WARN_UNUSED_VARIABLE = YES;
				MACOSX_DEPLOYMENT_TARGET = 12.6;
				MTL_ENABLE_DEBUG_INFO = INCLUDE_SOURCE;
				MTL_FAST_MATH = YES;
				ONLY_ACTIVE_ARCH = YES;
				SDKROOT = macosx;
			};
			name = Debug;
		};
		60213D3529BF4754000B9B62 /* Release */ = {
			isa = XCBuildConfiguration;
			buildSettings = {
				ALWAYS_SEARCH_USER_PATHS = NO;
				CLANG_ANALYZER_NONNULL = YES;
				CLANG_ANALYZER_NUMBER_OBJECT_CONVERSION = YES_AGGRESSIVE;
				CLANG_CXX_LANGUAGE_STANDARD = "gnu++20";
				CLANG_ENABLE_MODULES = YES;
				CLANG_ENABLE_OBJC_ARC = YES;
				CLANG_ENABLE_OBJC_WEAK = YES;
				CLANG_WARN_BLOCK_CAPTURE_AUTORELEASING = YES;
				CLANG_WARN_BOOL_CONVERSION = YES;
				CLANG_WARN_COMMA = YES;
				CLANG_WARN_CONSTANT_CONVERSION = YES;
				CLANG_WARN_DEPRECATED_OBJC_IMPLEMENTATIONS = YES;
				CLANG_WARN_DIRECT_OBJC_ISA_USAGE = YES_ERROR;
				CLANG_WARN_DOCUMENTATION_COMMENTS = YES;
				CLANG_WARN_EMPTY_BODY = YES;
				CLANG_WARN_ENUM_CONVERSION = YES;
				CLANG_WARN_INFINITE_RECURSION = YES;
				CLANG_WARN_INT_CONVERSION = YES;
				CLANG_WARN_NON_LITERAL_NULL_CONVERSION = YES;
				CLANG_WARN_OBJC_IMPLICIT_RETAIN_SELF = YES;
				CLANG_WARN_OBJC_LITERAL_CONVERSION = YES;
				CLANG_WARN_OBJC_ROOT_CLASS = YES_ERROR;
				CLANG_WARN_QUOTED_INCLUDE_IN_FRAMEWORK_HEADER = YES;
				CLANG_WARN_RANGE_LOOP_ANALYSIS = YES;
				CLANG_WARN_STRICT_PROTOTYPES = YES;
				CLANG_WARN_SUSPICIOUS_MOVE = YES;
				CLANG_WARN_UNGUARDED_AVAILABILITY = YES_AGGRESSIVE;
				CLANG_WARN_UNREACHABLE_CODE = YES;
				CLANG_WARN__DUPLICATE_METHOD_MATCH = YES;
				COPY_PHASE_STRIP = NO;
				DEBUG_INFORMATION_FORMAT = "dwarf-with-dsym";
				ENABLE_NS_ASSERTIONS = NO;
				ENABLE_STRICT_OBJC_MSGSEND = YES;
				GCC_C_LANGUAGE_STANDARD = gnu11;
				GCC_NO_COMMON_BLOCKS = YES;
				GCC_PREPROCESSOR_DEFINITIONS = GL_SILENCE_DEPRECATION;
				GCC_WARN_64_TO_32_BIT_CONVERSION = YES;
				GCC_WARN_ABOUT_RETURN_TYPE = YES_ERROR;
				GCC_WARN_UNDECLARED_SELECTOR = YES;
				GCC_WARN_UNINITIALIZED_AUTOS = YES_AGGRESSIVE;
				GCC_WARN_UNUSED_FUNCTION = YES;
				GCC_WARN_UNUSED_VARIABLE = YES;
				MACOSX_DEPLOYMENT_TARGET = 12.6;
				MTL_ENABLE_DEBUG_INFO = NO;
				MTL_FAST_MATH = YES;
				SDKROOT = macosx;
			};
			name = Release;
		};
		60213D3729BF4754000B9B62 /* Debug */ = {
			isa = XCBuildConfiguration;
			buildSettings = {
				CODE_SIGN_STYLE = Automatic;
				DEVELOPMENT_TEAM = QCDQ72S86T;
				ENABLE_HARDENED_RUNTIME = YES;
				HEADER_SEARCH_PATHS = /usr/local/include;
				LIBRARY_SEARCH_PATHS = (
					/usr/local/lib,
					/usr/local/Cellar/glfw/3.3.8/lib,
					/usr/local/Cellar/glew/2.2.0_1/lib,
				);
				OTHER_LDFLAGS = "-lGLEW";
				PRODUCT_NAME = "$(TARGET_NAME)";
			};
			name = Debug;
		};
		60213D3829BF4754000B9B62 /* Release */ = {
			isa = XCBuildConfiguration;
			buildSettings = {
				CODE_SIGN_STYLE = Automatic;
				DEVELOPMENT_TEAM = QCDQ72S86T;
				ENABLE_HARDENED_RUNTIME = YES;
				HEADER_SEARCH_PATHS = /usr/local/include;
				LIBRARY_SEARCH_PATHS = (
					/usr/local/lib,
					/usr/local/Cellar/glfw/3.3.8/lib,
					/usr/local/Cellar/glew/2.2.0_1/lib,
				);
				OTHER_LDFLAGS = "-lGLEW";
				PRODUCT_NAME = "$(TARGET_NAME)";
			};
			name = Release;
		};
/* End XCBuildConfiguration section */

/* Begin XCConfigurationList section */
		60213D2A29BF4754000B9B62 /* Build configuration list for PBXProject "cg-1" */ = {
			isa = XCConfigurationList;
			buildConfigurations = (
				60213D3429BF4754000B9B62 /* Debug */,
				60213D3529BF4754000B9B62 /* Release */,
			);
			defaultConfigurationIsVisible = 0;
			defaultConfigurationName = Release;
		};
		60213D3629BF4754000B9B62 /* Build configuration list for PBXNativeTarget "cg-1" */ = {
			isa = XCConfigurationList;
			buildConfigurations = (
				60213D3729BF4754000B9B62 /* Debug */,
				60213D3829BF4754000B9B62 /* Release */,
			);
			defaultConfigurationIsVisible = 0;
			defaultConfigurationName = Release;
		};
/* End XCConfigurationList section */
	};
	rootObject = 60213D2729BF4754000B9B62 /* Project object */;
}
